
Microsoft Visual Studio Solution File, Format Version 12.00
# Visual Studio Version 17
VisualStudioVersion = 17.9.34902.65
MinimumVisualStudioVersion = 10.0.40219.1
Project("{FAE04EC0-301F-11D3-BF4B-00C04F79EFBC}") = "B10", "B10\B10.csproj", "{1B8C50B7-E9E1-4EE1-B901-F20400CC2F48}"
EndProject
Global
	GlobalSection(SolutionConfigurationPlatforms) = preSolution
		Debug|Any CPU = Debug|Any CPU
		Release|Any CPU = Release|Any CPU
	EndGlobalSection
	GlobalSection(ProjectConfigurationPlatforms) = postSolution
		{1B8C50B7-E9E1-4EE1-B901-F20400CC2F48}.Debug|Any CPU.ActiveCfg = Debug|Any CPU
		{1B8C50B7-E9E1-4EE1-B901-F20400CC2F48}.Debug|Any CPU.Build.0 = Debug|Any CPU
		{1B8C50B7-E9E1-4EE1-B901-F20400CC2F48}.Release|Any CPU.ActiveCfg = Release|Any CPU
		{1B8C50B7-E9E1-4EE1-B901-F20400CC2F48}.Release|Any CPU.Build.0 = Release|Any CPU
	EndGlobalSection
	GlobalSection(SolutionProperties) = preSolution
		HideSolutionNode = FALSE
	EndGlobalSection
	GlobalSection(ExtensibilityGlobals) = postSolution
		SolutionGuid = {ED727A13-8A58-4096-92C0-51B7CBDAD737}
	EndGlobalSection
EndGlobal
